// !$*UTF8*$!
{
	archiveVersion = 1;
	classes = {
	};
	objectVersion = 46;
	objects = {

/* Begin PBXBuildFile section */
		209F64191B431842006BDDF0 /* AppDelegate.swift in Sources */ = {isa = PBXBuildFile; fileRef = 209F64181B431842006BDDF0 /* AppDelegate.swift */; };
		209F641B1B431842006BDDF0 /* ViewController.swift in Sources */ = {isa = PBXBuildFile; fileRef = 209F641A1B431842006BDDF0 /* ViewController.swift */; };
		209F641E1B431842006BDDF0 /* Main.storyboard in Resources */ = {isa = PBXBuildFile; fileRef = 209F641C1B431842006BDDF0 /* Main.storyboard */; };
		209F64201B431842006BDDF0 /* Images.xcassets in Resources */ = {isa = PBXBuildFile; fileRef = 209F641F1B431842006BDDF0 /* Images.xcassets */; };
		209F64231B431842006BDDF0 /* LaunchScreen.xib in Resources */ = {isa = PBXBuildFile; fileRef = 209F64211B431842006BDDF0 /* LaunchScreen.xib */; };
		209F642F1B431842006BDDF0 /* ControlFunTests.swift in Sources */ = {isa = PBXBuildFile; fileRef = 209F642E1B431842006BDDF0 /* ControlFunTests.swift */; };
/* End PBXBuildFile section */

/* Begin PBXContainerItemProxy section */
		209F64291B431842006BDDF0 /* PBXContainerItemProxy */ = {
			isa = PBXContainerItemProxy;
			containerPortal = 209F640B1B431841006BDDF0 /* Project object */;
			proxyType = 1;
			remoteGlobalIDString = 209F64121B431841006BDDF0;
			remoteInfo = ControlFun;
		};
/* End PBXContainerItemProxy section */

/* Begin PBXFileReference section */
		209F64131B431842006BDDF0 /* ControlFun.app */ = {isa = PBXFileReference; explicitFileType = wrapper.application; includeInIndex = 0; path = ControlFun.app; sourceTree = BUILT_PRODUCTS_DIR; };
		209F64171B431842006BDDF0 /* Info.plist */ = {isa = PBXFileReference; lastKnownFileType = text.plist.xml; path = Info.plist; sourceTree = "<group>"; };
		209F64181B431842006BDDF0 /* AppDelegate.swift */ = {isa = PBXFileReference; lastKnownFileType = sourcecode.swift; path = AppDelegate.swift; sourceTree = "<group>"; };
		209F641A1B431842006BDDF0 /* ViewController.swift */ = {isa = PBXFileReference; lastKnownFileType = sourcecode.swift; path = ViewController.swift; sourceTree = "<group>"; };
		209F641D1B431842006BDDF0 /* Base */ = {isa = PBXFileReference; lastKnownFileType = file.storyboard; name = Base; path = Base.lproj/Main.storyboard; sourceTree = "<group>"; };
		209F641F1B431842006BDDF0 /* Images.xcassets */ = {isa = PBXFileReference; lastKnownFileType = folder.assetcatalog; path = Images.xcassets; sourceTree = "<group>"; };
		209F64221B431842006BDDF0 /* Base */ = {isa = PBXFileReference; lastKnownFileType = file.xib; name = Base; path = Base.lproj/LaunchScreen.xib; sourceTree = "<group>"; };
		209F64281B431842006BDDF0 /* ControlFunTests.xctest */ = {isa = PBXFileReference; explicitFileType = wrapper.cfbundle; includeInIndex = 0; path = ControlFunTests.xctest; sourceTree = BUILT_PRODUCTS_DIR; };
		209F642D1B431842006BDDF0 /* Info.plist */ = {isa = PBXFileReference; lastKnownFileType = text.plist.xml; path = Info.plist; sourceTree = "<group>"; };
		209F642E1B431842006BDDF0 /* ControlFunTests.swift */ = {isa = PBXFileReference; lastKnownFileType = sourcecode.swift; path = ControlFunTests.swift; sourceTree = "<group>"; };
/* End PBXFileReference section */

/* Begin PBXFrameworksBuildPhase section */
		209F64101B431841006BDDF0 /* Frameworks */ = {
			isa = PBXFrameworksBuildPhase;
			buildActionMask = 2147483647;
			files = (
			);
			runOnlyForDeploymentPostprocessing = 0;
		};
		209F64251B431842006BDDF0 /* Frameworks */ = {
			isa = PBXFrameworksBuildPhase;
			buildActionMask = 2147483647;
			files = (
			);
			runOnlyForDeploymentPostprocessing = 0;
		};
/* End PBXFrameworksBuildPhase section */

/* Begin PBXGroup section */
		209F640A1B431841006BDDF0 = {
			isa = PBXGroup;
			children = (
				209F64151B431842006BDDF0 /* ControlFun */,
				209F642B1B431842006BDDF0 /* ControlFunTests */,
				209F64141B431842006BDDF0 /* Products */,
			);
			sourceTree = "<group>";
		};
		209F64141B431842006BDDF0 /* Products */ = {
			isa = PBXGroup;
			children = (
				209F64131B431842006BDDF0 /* ControlFun.app */,
				209F64281B431842006BDDF0 /* ControlFunTests.xctest */,
			);
			name = Products;
			sourceTree = "<group>";
		};
		209F64151B431842006BDDF0 /* ControlFun */ = {
			isa = PBXGroup;
			children = (
				209F64181B431842006BDDF0 /* AppDelegate.swift */,
				209F641A1B431842006BDDF0 /* ViewController.swift */,
				209F641C1B431842006BDDF0 /* Main.storyboard */,
				209F641F1B431842006BDDF0 /* Images.xcassets */,
				209F64211B431842006BDDF0 /* LaunchScreen.xib */,
				209F64161B431842006BDDF0 /* Supporting Files */,
			);
			path = ControlFun;
			sourceTree = "<group>";
		};
		209F64161B431842006BDDF0 /* Supporting Files */ = {
			isa = PBXGroup;
			children = (
				209F64171B431842006BDDF0 /* Info.plist */,
			);
			name = "Supporting Files";
			sourceTree = "<group>";
		};
		209F642B1B431842006BDDF0 /* ControlFunTests */ = {
			isa = PBXGroup;
			children = (
				209F642E1B431842006BDDF0 /* ControlFunTests.swift */,
				209F642C1B431842006BDDF0 /* Supporting Files */,
			);
			path = ControlFunTests;
			sourceTree = "<group>";
		};
		209F642C1B431842006BDDF0 /* Supporting Files */ = {
			isa = PBXGroup;
			children = (
				209F642D1B431842006BDDF0 /* Info.plist */,
			);
			name = "Supporting Files";
			sourceTree = "<group>";
		};
/* End PBXGroup section */

/* Begin PBXNativeTarget section */
		209F64121B431841006BDDF0 /* ControlFun */ = {
			isa = PBXNativeTarget;
			buildConfigurationList = 209F64321B431842006BDDF0 /* Build configuration list for PBXNativeTarget "ControlFun" */;
			buildPhases = (
				209F640F1B431841006BDDF0 /* Sources */,
				209F64101B431841006BDDF0 /* Frameworks */,
				209F64111B431841006BDDF0 /* Resources */,
			);
			buildRules = (
			);
			dependencies = (
			);
			name = ControlFun;
			productName = ControlFun;
			productReference = 209F64131B431842006BDDF0 /* ControlFun.app */;
			productType = "com.apple.product-type.application";
		};
		209F64271B431842006BDDF0 /* ControlFunTests */ = {
			isa = PBXNativeTarget;
			buildConfigurationList = 209F64351B431842006BDDF0 /* Build configuration list for PBXNativeTarget "ControlFunTests" */;
			buildPhases = (
				209F64241B431842006BDDF0 /* Sources */,
				209F64251B431842006BDDF0 /* Frameworks */,
				209F64261B431842006BDDF0 /* Resources */,
			);
			buildRules = (
			);
			dependencies = (
				209F642A1B431842006BDDF0 /* PBXTargetDependency */,
			);
			name = ControlFunTests;
			productName = ControlFunTests;
			productReference = 209F64281B431842006BDDF0 /* ControlFunTests.xctest */;
			productType = "com.apple.product-type.bundle.unit-test";
		};
/* End PBXNativeTarget section */

/* Begin PBXProject section */
		209F640B1B431841006BDDF0 /* Project object */ = {
			isa = PBXProject;
			attributes = {
				LastUpgradeCheck = 0630;
				ORGANIZATIONNAME = "Evan Hamamoto";
				TargetAttributes = {
					209F64121B431841006BDDF0 = {
						CreatedOnToolsVersion = 6.3.2;
					};
					209F64271B431842006BDDF0 = {
						CreatedOnToolsVersion = 6.3.2;
						TestTargetID = 209F64121B431841006BDDF0;
					};
				};
			};
			buildConfigurationList = 209F640E1B431841006BDDF0 /* Build configuration list for PBXProject "ControlFun" */;
			compatibilityVersion = "Xcode 3.2";
			developmentRegion = English;
			hasScannedForEncodings = 0;
			knownRegions = (
				en,
				Base,
			);
			mainGroup = 209F640A1B431841006BDDF0;
			productRefGroup = 209F64141B431842006BDDF0 /* Products */;
			projectDirPath = "";
			projectRoot = "";
			targets = (
				209F64121B431841006BDDF0 /* ControlFun */,
				209F64271B431842006BDDF0 /* ControlFunTests */,
			);
		};
/* End PBXProject section */

/* Begin PBXResourcesBuildPhase section */
		209F64111B431841006BDDF0 /* Resources */ = {
			isa = PBXResourcesBuildPhase;
			buildActionMask = 2147483647;
			files = (
				209F641E1B431842006BDDF0 /* Main.storyboard in Resources */,
				209F64231B431842006BDDF0 /* LaunchScreen.xib in Resources */,
				209F64201B431842006BDDF0 /* Images.xcassets in Resources */,
			);
			runOnlyForDeploymentPostprocessing = 0;
		};
		209F64261B431842006BDDF0 /* Resources */ = {
			isa = PBXResourcesBuildPhase;
			buildActionMask = 2147483647;
			files = (
			);
			runOnlyForDeploymentPostprocessing = 0;
		};
/* End PBXResourcesBuildPhase section */

/* Begin PBXSourcesBuildPhase section */
		209F640F1B431841006BDDF0 /* Sources */ = {
			isa = PBXSourcesBuildPhase;
			buildActionMask = 2147483647;
			files = (
				209F641B1B431842006BDDF0 /* ViewController.swift in Sources */,
				209F64191B431842006BDDF0 /* AppDelegate.swift in Sources */,
			);
			runOnlyForDeploymentPostprocessing = 0;
		};
		209F64241B431842006BDDF0 /* Sources */ = {
			isa = PBXSourcesBuildPhase;
			buildActionMask = 2147483647;
			files = (
				209F642F1B431842006BDDF0 /* ControlFunTests.swift in Sources */,
			);
			runOnlyForDeploymentPostprocessing = 0;
		};
/* End PBXSourcesBuildPhase section */

/* Begin PBXTargetDependency section */
		209F642A1B431842006BDDF0 /* PBXTargetDependency */ = {
			isa = PBXTargetDependency;
			target = 209F64121B431841006BDDF0 /* ControlFun */;
			targetProxy = 209F64291B431842006BDDF0 /* PBXContainerItemProxy */;
		};
/* End PBXTargetDependency section */

/* Begin PBXVariantGroup section */
		209F641C1B431842006BDDF0 /* Main.storyboard */ = {
			isa = PBXVariantGroup;
			children = (
				209F641D1B431842006BDDF0 /* Base */,
			);
			name = Main.storyboard;
			sourceTree = "<group>";
		};
		209F64211B431842006BDDF0 /* LaunchScreen.xib */ = {
			isa = PBXVariantGroup;
			children = (
				209F64221B431842006BDDF0 /* Base */,
			);
			name = LaunchScreen.xib;
			sourceTree = "<group>";
		};
/* End PBXVariantGroup section */

/* Begin XCBuildConfiguration section */
		209F64301B431842006BDDF0 /* Debug */ = {
			isa = XCBuildConfiguration;
			buildSettings = {
				ALWAYS_SEARCH_USER_PATHS = NO;
				CLANG_CXX_LANGUAGE_STANDARD = "gnu++0x";
				CLANG_CXX_LIBRARY = "libc++";
				CLANG_ENABLE_MODULES = YES;
				CLANG_ENABLE_OBJC_ARC = YES;
				CLANG_WARN_BOOL_CONVERSION = YES;
				CLANG_WARN_CONSTANT_CONVERSION = YES;
				CLANG_WARN_DIRECT_OBJC_ISA_USAGE = YES_ERROR;
				CLANG_WARN_EMPTY_BODY = YES;
				CLANG_WARN_ENUM_CONVERSION = YES;
				CLANG_WARN_INT_CONVERSION = YES;
				CLANG_WARN_OBJC_ROOT_CLASS = YES_ERROR;
				CLANG_WARN_UNREACHABLE_CODE = YES;
				CLANG_WARN__DUPLICATE_METHOD_MATCH = YES;
				"CODE_SIGN_IDENTITY[sdk=iphoneos*]" = "iPhone Developer";
				COPY_PHASE_STRIP = NO;
				DEBUG_INFORMATION_FORMAT = "dwarf-with-dsym";
				ENABLE_STRICT_OBJC_MSGSEND = YES;
				GCC_C_LANGUAGE_STANDARD = gnu99;
				GCC_DYNAMIC_NO_PIC = NO;
				GCC_NO_COMMON_BLOCKS = YES;
				GCC_OPTIMIZATION_LEVEL = 0;
				GCC_PREPROCESSOR_DEFINITIONS = (
					"DEBUG=1",
					"$(inherited)",
				);
				GCC_SYMBOLS_PRIVATE_EXTERN = NO;
				GCC_WARN_64_TO_32_BIT_CONVERSION = YES;
				GCC_WARN_ABOUT_RETURN_TYPE = YES_ERROR;
				GCC_WARN_UNDECLARED_SELECTOR = YES;
				GCC_WARN_UNINITIALIZED_AUTOS = YES_AGGRESSIVE;
				GCC_WARN_UNUSED_FUNCTION = YES;
				GCC_WARN_UNUSED_VARIABLE = YES;
				IPHONEOS_DEPLOYMENT_TARGET = 8.3;
				MTL_ENABLE_DEBUG_INFO = YES;
				ONLY_ACTIVE_ARCH = YES;
				SDKROOT = iphoneos;
				SWIFT_OPTIMIZATION_LEVEL = "-Onone";
				TARGETED_DEVICE_FAMILY = "1,2";
			};
			name = Debug;
		};
		209F64311B431842006BDDF0 /* Release */ = {
			isa = XCBuildConfiguration;
			buildSettings = {
				ALWAYS_SEARCH_USER_PATHS = NO;
				CLANG_CXX_LANGUAGE_STANDARD = "gnu++0x";
				CLANG_CXX_LIBRARY = "libc++";
				CLANG_ENABLE_MODULES = YES;
				CLANG_ENABLE_OBJC_ARC = YES;
				CLANG_WARN_BOOL_CONVERSION = YES;
				CLANG_WARN_CONSTANT_CONVERSION = YES;
				CLANG_WARN_DIRECT_OBJC_ISA_USAGE = YES_ERROR;
				CLANG_WARN_EMPTY_BODY = YES;
				CLANG_WARN_ENUM_CONVERSION = YES;
				CLANG_WARN_INT_CONVERSION = YES;
				CLANG_WARN_OBJC_ROOT_CLASS = YES_ERROR;
				CLANG_WARN_UNREACHABLE_CODE = YES;
				CLANG_WARN__DUPLICATE_METHOD_MATCH = YES;
				"CODE_SIGN_IDENTITY[sdk=iphoneos*]" = "iPhone Developer";
				COPY_PHASE_STRIP = NO;
				DEBUG_INFORMATION_FORMAT = "dwarf-with-dsym";
				ENABLE_NS_ASSERTIONS = NO;
				ENABLE_STRICT_OBJC_MSGSEND = YES;
				GCC_C_LANGUAGE_STANDARD = gnu99;
				GCC_NO_COMMON_BLOCKS = YES;
				GCC_WARN_64_TO_32_BIT_CONVERSION = YES;
				GCC_WARN_ABOUT_RETURN_TYPE = YES_ERROR;
				GCC_WARN_UNDECLARED_SELECTOR = YES;
				GCC_WARN_UNINITIALIZED_AUTOS = YES_AGGRESSIVE;
				GCC_WARN_UNUSED_FUNCTION = YES;
				GCC_WARN_UNUSED_VARIABLE = YES;
				IPHONEOS_DEPLOYMENT_TARGET = 8.3;
				MTL_ENABLE_DEBUG_INFO = NO;
				SDKROOT = iphoneos;
				TARGETED_DEVICE_FAMILY = "1,2";
				VALIDATE_PRODUCT = YES;
			};
			name = Release;
		};
		209F64331B431842006BDDF0 /* Debug */ = {
			isa = XCBuildConfiguration;
			buildSettings = {
				ASSETCATALOG_COMPILER_APPICON_NAME = AppIcon;
				INFOPLIST_FILE = ControlFun/Info.plist;
				LD_RUNPATH_SEARCH_PATHS = "$(inherited) @executable_path/Frameworks";
				PRODUCT_NAME = "$(TARGET_NAME)";
			};
			name = Debug;
		};
		209F64341B431842006BDDF0 /* Release */ = {
			isa = XCBuildConfiguration;
			buildSettings = {
				ASSETCATALOG_COMPILER_APPICON_NAME = AppIcon;
				INFOPLIST_FILE = ControlFun/Info.plist;
				LD_RUNPATH_SEARCH_PATHS = "$(inherited) @executable_path/Frameworks";
				PRODUCT_NAME = "$(TARGET_NAME)";
			};
			name = Release;
		};
		209F64361B431842006BDDF0 /* Debug */ = {
			isa = XCBuildConfiguration;
			buildSettings = {
				BUNDLE_LOADER = "$(TEST_HOST)";
				FRAMEWORK_SEARCH_PATHS = (
					"$(SDKROOT)/Developer/Library/Frameworks",
					"$(inherited)",
				);
				GCC_PREPROCESSOR_DEFINITIONS = (
					"DEBUG=1",
					"$(inherited)",
				);
				INFOPLIST_FILE = ControlFunTests/Info.plist;
				LD_RUNPATH_SEARCH_PATHS = "$(inherited) @executable_path/Frameworks @loader_path/Frameworks";
				PRODUCT_NAME = "$(TARGET_NAME)";
				TEST_HOST = "$(BUILT_PRODUCTS_DIR)/ControlFun.app/ControlFun";
			};
			name = Debug;
		};
		209F64371B431842006BDDF0 /* Release */ = {
			isa = XCBuildConfiguration;
			buildSettings = {
				BUNDLE_LOADER = "$(TEST_HOST)";
				FRAMEWORK_SEARCH_PATHS = (
					"$(SDKROOT)/Developer/Library/Frameworks",
					"$(inherited)",
				);
				INFOPLIST_FILE = ControlFunTests/Info.plist;
				LD_RUNPATH_SEARCH_PATHS = "$(inherited) @executable_path/Frameworks @loader_path/Frameworks";
				PRODUCT_NAME = "$(TARGET_NAME)";
				TEST_HOST = "$(BUILT_PRODUCTS_DIR)/ControlFun.app/ControlFun";
			};
			name = Release;
		};
/* End XCBuildConfiguration section */

/* Begin XCConfigurationList section */
		209F640E1B431841006BDDF0 /* Build configuration list for PBXProject "ControlFun" */ = {
			isa = XCConfigurationList;
			buildConfigurations = (
				209F64301B431842006BDDF0 /* Debug */,
				209F64311B431842006BDDF0 /* Release */,
			);
			defaultConfigurationIsVisible = 0;
			defaultConfigurationName = Release;
		};
		209F64321B431842006BDDF0 /* Build configuration list for PBXNativeTarget "ControlFun" */ = {
			isa = XCConfigurationList;
			buildConfigurations = (
				209F64331B431842006BDDF0 /* Debug */,
				209F64341B431842006BDDF0 /* Release */,
			);
			defaultConfigurationIsVisible = 0;
			defaultConfigurationName = Release;
		};
		209F64351B431842006BDDF0 /* Build configuration list for PBXNativeTarget "ControlFunTests" */ = {
			isa = XCConfigurationList;
			buildConfigurations = (
				209F64361B431842006BDDF0 /* Debug */,
				209F64371B431842006BDDF0 /* Release */,
			);
			defaultConfigurationIsVisible = 0;
			defaultConfigurationName = Release;
		};
/* End XCConfigurationList section */
	};
	rootObject = 209F640B1B431841006BDDF0 /* Project object */;
}
